{
  "originHash" : "421debfb6b69750c0ed66ee2ba5eb196947691c842bbdec4c7f76a7eacef842e",
  "pins" : [
    {
      "identity" : "wwmessagebar",
      "kind" : "remoteSourceControl",
      "location" : "https://github.com/William-Weng/WWMessageBar",
      "state" : {
        "revision" : "63f6ed351869a9d41f6d2699a2bb3da35a2c4510",
        "version" : "1.0.2"
      }
    }
  ],
  "version" : 3
}
